{
  "name": "simple-vmsg-demo",
  "version": "1.0.0",
  "lockfileVersion": 2,
  "requires": true,
  "packages": {
    "": {
      "name": "simple-vmsg-demo",
      "devDependencies": {
        "@types/audioworklet": "^0.0.26",
        "@types/webrtc": "^0.0.32"
      }
    },
    "node_modules/@types/audioworklet": {
      "version": "0.0.26",
      "resolved": "https://registry.npmjs.org/@types/audioworklet/-/audioworklet-0.0.26.tgz",
      "integrity": "sha512-NU5hfpTvPXqaGasiNkCTsjVDsagQ+DBOZEZZ6lvtdi27a/y4YDbRxJFFc6D3Ng0Iehqb8YHzB4C3I85fihGV2Q==",
      "dev": true
    },
    "node_modules/@types/webrtc": {
      "version": "0.0.32",
      "resolved": "https://registry.npmjs.org/@types/webrtc/-/webrtc-0.0.32.tgz",
      "integrity": "sha512-+F0Ozq+ksnKtjcMHujSgb4A1Vjt0b4wvvxP3/pTnXKsIrLo34EgHh2z3qJq3ntX4dbK6ytxpY1rzO/4Z8rVrHg==",
      "dev": true
    }
  },
  "dependencies": {
    "@types/audioworklet": {
      "version": "0.0.26",
      "resolved": "https://registry.npmjs.org/@types/audioworklet/-/audioworklet-0.0.26.tgz",
      "integrity": "sha512-NU5hfpTvPXqaGasiNkCTsjVDsagQ+DBOZEZZ6lvtdi27a/y4YDbRxJFFc6D3Ng0Iehqb8YHzB4C3I85fihGV2Q==",
      "dev": true
    },
    "@types/webrtc": {
      "version": "0.0.32",
      "resolved": "https://registry.npmjs.org/@types/webrtc/-/webrtc-0.0.32.tgz",
      "integrity": "sha512-+F0Ozq+ksnKtjcMHujSgb4A1Vjt0b4wvvxP3/pTnXKsIrLo34EgHh2z3qJq3ntX4dbK6ytxpY1rzO/4Z8rVrHg==",
      "dev": true
    }
  }
}
